dependencies:
- name: ui
  repository: file://../ui
  version: 0.1.0
- name: post
  repository: file://../post
  version: 0.1.0
- name: comment
  repository: file://../comment
  version: 0.1.0
- name: ""
  repository: file://../mongo
  version: 0.1.0
digest: sha256:5fddc3ca9143aba7eba38f9718d5d2ee9b8484c0fe19417641feb317ba64fe5c
generated: "2021-01-29T16:30:50.909317448+03:00"
